
Microsoft Visual Studio Solution File, Format Version 12.00
# Visual Studio Version 17
VisualStudioVersion = 17.2.32526.322
MinimumVisualStudioVersion = 10.0.40219.1
Project("{FAE04EC0-301F-11D3-BF4B-00C04F79EFBC}") = "Taller_Conecion_BD", "Taller_Conecion_BD\Taller_Conecion_BD.csproj", "{B77A894C-1052-4652-A7C1-C954B36A5B18}"
EndProject
Global
	GlobalSection(SolutionConfigurationPlatforms) = preSolution
		Debug|Any CPU = Debug|Any CPU
		Release|Any CPU = Release|Any CPU
	EndGlobalSection
	GlobalSection(ProjectConfigurationPlatforms) = postSolution
		{B77A894C-1052-4652-A7C1-C954B36A5B18}.Debug|Any CPU.ActiveCfg = Debug|Any CPU
		{B77A894C-1052-4652-A7C1-C954B36A5B18}.Debug|Any CPU.Build.0 = Debug|Any CPU
		{B77A894C-1052-4652-A7C1-C954B36A5B18}.Release|Any CPU.ActiveCfg = Release|Any CPU
		{B77A894C-1052-4652-A7C1-C954B36A5B18}.Release|Any CPU.Build.0 = Release|Any CPU
	EndGlobalSection
	GlobalSection(SolutionProperties) = preSolution
		HideSolutionNode = FALSE
	EndGlobalSection
	GlobalSection(ExtensibilityGlobals) = postSolution
		SolutionGuid = {D98D50BA-67D0-4B5C-A9A7-923EB0644E95}
	EndGlobalSection
EndGlobal
